github.com/shigz97/leetcode v0.0.0-20191022021831-6399c861cbbb h1:c06CDsUqTrsrJa6kQbi9L30FgjQZHQZIilAkfdRlz4U=
github.com/shigz97/leetcode v0.0.0-20191022021831-6399c861cbbb/go.mod h1:eRVVFlt8b/HLLDQBik5D6lqTM3uHwXMUKnfs2tCt4HU=
github.com/shigzz/gokit v0.0.0-20191114025910-eefbab7d857c h1:7uwVfTjK5NSgaID3tBOt6k9Nrpcnfp37RMgfRJ6dQPU=
github.com/shigzz/gokit v0.0.0-20191114025910-eefbab7d857c/go.mod h1:tA/MTcS7qGw86RzilHLPxTGfGoFyn5MnBGSd11QyoQs=
github.com/shigzz/gokit v0.0.0-20191114064638-0715ab7c35ad h1:+yz0CSwMcVLOaP/8lgpCmWjuMVMXqerY/Hogxb5Db9o=
github.com/shigzz/gokit v0.0.0-20191114064638-0715ab7c35ad/go.mod h1:kNnexwu1eBFbjMbJ2j3XkAjRKLkCGwfIHrna24p+bac=
